
Microsoft Visual Studio Solution File, Format Version 12.00
# Visual Studio Version 17
VisualStudioVersion = 17.7.34202.233
MinimumVisualStudioVersion = 10.0.40219.1
Project("{FAE04EC0-301F-11D3-BF4B-00C04F79EFBC}") = "DI-11", "DI-11\DI-11.csproj", "{C9A0DB46-D156-4C5B-B4F3-C339506A7810}"
EndProject
Global
	GlobalSection(SolutionConfigurationPlatforms) = preSolution
		Debug|Any CPU = Debug|Any CPU
		Release|Any CPU = Release|Any CPU
	EndGlobalSection
	GlobalSection(ProjectConfigurationPlatforms) = postSolution
		{C9A0DB46-D156-4C5B-B4F3-C339506A7810}.Debug|Any CPU.ActiveCfg = Debug|Any CPU
		{C9A0DB46-D156-4C5B-B4F3-C339506A7810}.Debug|Any CPU.Build.0 = Debug|Any CPU
		{C9A0DB46-D156-4C5B-B4F3-C339506A7810}.Release|Any CPU.ActiveCfg = Release|Any CPU
		{C9A0DB46-D156-4C5B-B4F3-C339506A7810}.Release|Any CPU.Build.0 = Release|Any CPU
	EndGlobalSection
	GlobalSection(SolutionProperties) = preSolution
		HideSolutionNode = FALSE
	EndGlobalSection
	GlobalSection(ExtensibilityGlobals) = postSolution
		SolutionGuid = {5F0CB31D-6228-4D3A-BCFE-73C5131A00E8}
	EndGlobalSection
EndGlobal
